{
  "nodes": {
    "agenix": {
      "inputs": {
        "darwin": "darwin",
        "home-manager": "home-manager",
        "nixpkgs": [
          "nixpkgs"
        ],
        "systems": "systems"
      },
      "locked": {
        "lastModified": 1723293904,
        "narHash": "sha256-b+uqzj+Wa6xgMS9aNbX4I+sXeb5biPDi39VgvSFqFvU=",
        "owner": "ryantm",
        "repo": "agenix",
        "rev": "f6291c5935fdc4e0bef208cfc0dcab7e3f7a1c41",
        "type": "github"
      },
      "original": {
        "owner": "ryantm",
        "repo": "agenix",
        "type": "github"
      }
    },
    "catppuccin": {
      "flake": false,
      "locked": {
        "lastModified": 1733541952,
        "narHash": "sha256-1w0TJdQP5lb9jCrCmhPlSexf0PkAlcz8GBDEsRjPRns=",
        "owner": "catppuccin",
        "repo": "starship",
        "rev": "e99ba6b210c0739af2a18094024ca0bdf4bb3225",
        "type": "github"
      },
      "original": {
        "owner": "catppuccin",
        "repo": "starship",
        "type": "github"
      }
    },
    "darwin": {
      "inputs": {
        "nixpkgs": [
          "agenix",
          "nixpkgs"
        ]
      },
      "locked": {
        "lastModified": 1700795494,
        "narHash": "sha256-gzGLZSiOhf155FW7262kdHo2YDeugp3VuIFb4/GGng0=",
        "owner": "lnl7",
        "repo": "nix-darwin",
        "rev": "4b9b83d5a92e8c1fbfd8eb27eda375908c11ec4d",
        "type": "github"
      },
      "original": {
        "owner": "lnl7",
        "ref": "master",
        "repo": "nix-darwin",
        "type": "github"
      }
    },
    "disko": {
      "inputs": {
        "nixpkgs": [
          "nixpkgs"
        ]
      },
      "locked": {
        "lastModified": 1735468753,
        "narHash": "sha256-2dt1nOe9zf9pDkf5Kn7FUFyPRo581s0n90jxYXJ94l0=",
        "owner": "nix-community",
        "repo": "disko",
        "rev": "84a5b93637cc16cbfcc61b6e1684d626df61eb21",
        "type": "github"
      },
      "original": {
        "owner": "nix-community",
        "repo": "disko",
        "type": "github"
      }
    },
    "espanso-fix": {
      "locked": {
        "lastModified": 1733174540,
        "narHash": "sha256-Yv72ufzlbccsUgjnDtLfybPS4HJ7v3lN+pjmcH3/l+I=",
        "owner": "pitkling",
        "repo": "nixpkgs",
        "rev": "2c39301457f9b5cb18a042a1f5643b15de551c79",
        "type": "github"
      },
      "original": {
        "owner": "pitkling",
        "ref": "espanso-fix-capabilities-export",
        "repo": "nixpkgs",
        "type": "github"
      }
    },
    "home-manager": {
      "inputs": {
        "nixpkgs": [
          "agenix",
          "nixpkgs"
        ]
      },
      "locked": {
        "lastModified": 1703113217,
        "narHash": "sha256-7ulcXOk63TIT2lVDSExj7XzFx09LpdSAPtvgtM7yQPE=",
        "owner": "nix-community",
        "repo": "home-manager",
        "rev": "3bfaacf46133c037bb356193bd2f1765d9dc82c1",
        "type": "github"
      },
      "original": {
        "owner": "nix-community",
        "repo": "home-manager",
        "type": "github"
      }
    },
    "home-manager_2": {
      "inputs": {
        "nixpkgs": [
          "nixpkgs"
        ]
      },
      "locked": {
        "lastModified": 1736066484,
        "narHash": "sha256-uTstP36WaFrw+TEHb8nLF14hFPzQBOhmIxzioHCDaL8=",
        "owner": "nix-community",
        "repo": "home-manager",
        "rev": "5ad12b6ea06b84e48f6b677957c74f32d47bdee0",
        "type": "github"
      },
      "original": {
        "owner": "nix-community",
        "repo": "home-manager",
        "type": "github"
      }
    },
    "nixos-hardware": {
      "locked": {
        "lastModified": 1735388221,
        "narHash": "sha256-e5IOgjQf0SZcFCEV/gMGrsI0gCJyqOKShBQU0iiM3Kg=",
        "owner": "NixOS",
        "repo": "nixos-hardware",
        "rev": "7c674c6734f61157e321db595dbfcd8523e04e19",
        "type": "github"
      },
      "original": {
        "owner": "NixOS",
        "ref": "master",
        "repo": "nixos-hardware",
        "type": "github"
      }
    },
    "nixpkgs": {
      "locked": {
        "lastModified": 1735834308,
        "narHash": "sha256-dklw3AXr3OGO4/XT1Tu3Xz9n/we8GctZZ75ZWVqAVhk=",
        "owner": "nixos",
        "repo": "nixpkgs",
        "rev": "6df24922a1400241dae323af55f30e4318a6ca65",
        "type": "github"
      },
      "original": {
        "owner": "nixos",
        "ref": "nixos-unstable",
        "repo": "nixpkgs",
        "type": "github"
      }
    },
    "nixpkgs-stable": {
      "locked": {
        "lastModified": 1735922141,
        "narHash": "sha256-vk0xwGZSlvZ/596yxOtsk4gxsIx2VemzdjiU8zhjgWw=",
        "owner": "nixos",
        "repo": "nixpkgs",
        "rev": "d29ab98cd4a70a387b8ceea3e930b3340d41ac5a",
        "type": "github"
      },
      "original": {
        "owner": "nixos",
        "ref": "nixos-24.11",
        "repo": "nixpkgs",
        "type": "github"
      }
    },
    "pia": {
      "flake": false,
      "locked": {
        "lastModified": 1675683934,
        "narHash": "sha256-otDaC45eeDbu0HCoseVOU1oxRlj6A9ChTWTSEUNtuaI=",
        "owner": "pia-foss",
        "repo": "manual-connections",
        "rev": "e956c57849a38f912e654e0357f5ae456dfd1742",
        "type": "github"
      },
      "original": {
        "owner": "pia-foss",
        "repo": "manual-connections",
        "type": "github"
      }
    },
    "plasma-manager": {
      "inputs": {
        "home-manager": [
          "home-manager"
        ],
        "nixpkgs": [
          "nixpkgs"
        ]
      },
      "locked": {
        "lastModified": 1735049224,
        "narHash": "sha256-fWUd9kyXdepphJ7cCzOsuSo7l0kbFCkUqfgKqZyFZzE=",
        "owner": "nix-community",
        "repo": "plasma-manager",
        "rev": "d16bbded0ae452bc088489e7dca3ef58d8d1830b",
        "type": "github"
      },
      "original": {
        "owner": "nix-community",
        "repo": "plasma-manager",
        "type": "github"
      }
    },
    "root": {
      "inputs": {
        "agenix": "agenix",
        "catppuccin": "catppuccin",
        "disko": "disko",
        "espanso-fix": "espanso-fix",
        "home-manager": "home-manager_2",
        "nixos-hardware": "nixos-hardware",
        "nixpkgs": "nixpkgs",
        "nixpkgs-stable": "nixpkgs-stable",
        "pia": "pia",
        "plasma-manager": "plasma-manager"
      }
    },
    "systems": {
      "locked": {
        "lastModified": 1681028828,
        "narHash": "sha256-Vy1rq5AaRuLzOxct8nz4T6wlgyUR7zLU309k9mBC768=",
        "owner": "nix-systems",
        "repo": "default",
        "rev": "da67096a3b9bf56a91d16901293e51ba5b49a27e",
        "type": "github"
      },
      "original": {
        "owner": "nix-systems",
        "repo": "default",
        "type": "github"
      }
    }
  },
  "root": "root",
  "version": 7
}
